
Microsoft Visual Studio Solution File, Format Version 12.00
# Visual Studio Version 17
VisualStudioVersion = 17.7.34031.279
MinimumVisualStudioVersion = 10.0.40219.1
Project("{FAE04EC0-301F-11D3-BF4B-00C04F79EFBC}") = "TothMarci_BejegyzesProjekt", "TothMarci_BejegyzesProjekt\TothMarci_BejegyzesProjekt.csproj", "{F8EB5DA0-9E34-4155-BB99-E9A9F5B48C02}"
EndProject
Global
	GlobalSection(SolutionConfigurationPlatforms) = preSolution
		Debug|Any CPU = Debug|Any CPU
		Release|Any CPU = Release|Any CPU
	EndGlobalSection
	GlobalSection(ProjectConfigurationPlatforms) = postSolution
		{F8EB5DA0-9E34-4155-BB99-E9A9F5B48C02}.Debug|Any CPU.ActiveCfg = Debug|Any CPU
		{F8EB5DA0-9E34-4155-BB99-E9A9F5B48C02}.Debug|Any CPU.Build.0 = Debug|Any CPU
		{F8EB5DA0-9E34-4155-BB99-E9A9F5B48C02}.Release|Any CPU.ActiveCfg = Release|Any CPU
		{F8EB5DA0-9E34-4155-BB99-E9A9F5B48C02}.Release|Any CPU.Build.0 = Release|Any CPU
	EndGlobalSection
	GlobalSection(SolutionProperties) = preSolution
		HideSolutionNode = FALSE
	EndGlobalSection
	GlobalSection(ExtensibilityGlobals) = postSolution
		SolutionGuid = {EC80BEDA-52FA-4E59-ADA2-DC4648407213}
	EndGlobalSection
EndGlobal
